{
  "name": "astro-head",
  "version": "1.0.1",
  "lockfileVersion": 2,
  "requires": true,
  "packages": {
    "": {
      "name": "astro-head",
      "version": "1.0.1",
      "license": "MIT",
      "dependencies": {
        "astro-analytics": "^2.1.1"
      }
    },
    "node_modules/astro-analytics": {
      "version": "2.1.1",
      "resolved": "https://registry.npmjs.org/astro-analytics/-/astro-analytics-2.1.1.tgz",
      "integrity": "sha512-C1wjZt6w3dYV65+5vovO0nX9Tx/a+JbwMOu8BubNTK6Js0QV+qm1gALocmKyt9OchOGUh7VRkY6cQgVmy+boIw=="
    }
  },
  "dependencies": {
    "astro-analytics": {
      "version": "2.1.1",
      "resolved": "https://registry.npmjs.org/astro-analytics/-/astro-analytics-2.1.1.tgz",
      "integrity": "sha512-C1wjZt6w3dYV65+5vovO0nX9Tx/a+JbwMOu8BubNTK6Js0QV+qm1gALocmKyt9OchOGUh7VRkY6cQgVmy+boIw=="
    }
  }
}
